
Microsoft Visual Studio Solution File, Format Version 12.00
# Visual Studio 14
VisualStudioVersion = 14.0.25420.1
MinimumVisualStudioVersion = 10.0.40219.1
Project("{FAE04EC0-301F-11D3-BF4B-00C04F79EFBC}") = "MatrixOperations", "MatrixOperations\MatrixOperations.csproj", "{165DCB6F-C2A1-4AE4-9B8C-F7F384EE5EF4}"
EndProject
Project("{FAE04EC0-301F-11D3-BF4B-00C04F79EFBC}") = "WorkAreaForTaskTwo", "WorkAreaForTaskTwo\WorkAreaForTaskTwo.csproj", "{1272CEB1-6FA9-4771-8831-05ECF6696699}"
EndProject
Project("{FAE04EC0-301F-11D3-BF4B-00C04F79EFBC}") = "WorkAreaForTaskTwoTests", "WorkAreaForTaskTwoTests\WorkAreaForTaskTwoTests.csproj", "{C9B24340-9E42-4C81-8142-DD300D185089}"
EndProject
Project("{FAE04EC0-301F-11D3-BF4B-00C04F79EFBC}") = "Test", "..\..\TestForTask4\Test.csproj", "{74B6AA4D-3248-4E1B-B0B4-54A328E65E2F}"
EndProject
Project("{FAE04EC0-301F-11D3-BF4B-00C04F79EFBC}") = "ExtensionMethods", "ExtensionMethods\ExtensionMethods.csproj", "{E2679CDF-B5B8-4FAB-9297-8A4F134E2140}"
EndProject
Project("{FAE04EC0-301F-11D3-BF4B-00C04F79EFBC}") = "ExtensionMethodsTests", "ExtensionMethodsTests\ExtensionMethodsTests.csproj", "{7B21F1DD-83E7-48D8-BA26-0717013CB1E2}"
EndProject
Global
	GlobalSection(SolutionConfigurationPlatforms) = preSolution
		Debug|Any CPU = Debug|Any CPU
		Release|Any CPU = Release|Any CPU
	EndGlobalSection
	GlobalSection(ProjectConfigurationPlatforms) = postSolution
		{165DCB6F-C2A1-4AE4-9B8C-F7F384EE5EF4}.Debug|Any CPU.ActiveCfg = Debug|Any CPU
		{165DCB6F-C2A1-4AE4-9B8C-F7F384EE5EF4}.Debug|Any CPU.Build.0 = Debug|Any CPU
		{165DCB6F-C2A1-4AE4-9B8C-F7F384EE5EF4}.Release|Any CPU.ActiveCfg = Release|Any CPU
		{165DCB6F-C2A1-4AE4-9B8C-F7F384EE5EF4}.Release|Any CPU.Build.0 = Release|Any CPU
		{1272CEB1-6FA9-4771-8831-05ECF6696699}.Debug|Any CPU.ActiveCfg = Debug|Any CPU
		{1272CEB1-6FA9-4771-8831-05ECF6696699}.Debug|Any CPU.Build.0 = Debug|Any CPU
		{1272CEB1-6FA9-4771-8831-05ECF6696699}.Release|Any CPU.ActiveCfg = Release|Any CPU
		{1272CEB1-6FA9-4771-8831-05ECF6696699}.Release|Any CPU.Build.0 = Release|Any CPU
		{C9B24340-9E42-4C81-8142-DD300D185089}.Debug|Any CPU.ActiveCfg = Debug|Any CPU
		{C9B24340-9E42-4C81-8142-DD300D185089}.Debug|Any CPU.Build.0 = Debug|Any CPU
		{C9B24340-9E42-4C81-8142-DD300D185089}.Release|Any CPU.ActiveCfg = Release|Any CPU
		{C9B24340-9E42-4C81-8142-DD300D185089}.Release|Any CPU.Build.0 = Release|Any CPU
		{74B6AA4D-3248-4E1B-B0B4-54A328E65E2F}.Debug|Any CPU.ActiveCfg = Debug|Any CPU
		{74B6AA4D-3248-4E1B-B0B4-54A328E65E2F}.Debug|Any CPU.Build.0 = Debug|Any CPU
		{74B6AA4D-3248-4E1B-B0B4-54A328E65E2F}.Release|Any CPU.ActiveCfg = Release|Any CPU
		{74B6AA4D-3248-4E1B-B0B4-54A328E65E2F}.Release|Any CPU.Build.0 = Release|Any CPU
		{E2679CDF-B5B8-4FAB-9297-8A4F134E2140}.Debug|Any CPU.ActiveCfg = Debug|Any CPU
		{E2679CDF-B5B8-4FAB-9297-8A4F134E2140}.Debug|Any CPU.Build.0 = Debug|Any CPU
		{E2679CDF-B5B8-4FAB-9297-8A4F134E2140}.Release|Any CPU.ActiveCfg = Release|Any CPU
		{E2679CDF-B5B8-4FAB-9297-8A4F134E2140}.Release|Any CPU.Build.0 = Release|Any CPU
		{7B21F1DD-83E7-48D8-BA26-0717013CB1E2}.Debug|Any CPU.ActiveCfg = Debug|Any CPU
		{7B21F1DD-83E7-48D8-BA26-0717013CB1E2}.Debug|Any CPU.Build.0 = Debug|Any CPU
		{7B21F1DD-83E7-48D8-BA26-0717013CB1E2}.Release|Any CPU.ActiveCfg = Release|Any CPU
		{7B21F1DD-83E7-48D8-BA26-0717013CB1E2}.Release|Any CPU.Build.0 = Release|Any CPU
	EndGlobalSection
	GlobalSection(SolutionProperties) = preSolution
		HideSolutionNode = FALSE
	EndGlobalSection
EndGlobal
